{
  "name": "viperojects47",
  "version": "1.0.0",
  "lockfileVersion": 3,
  "requires": true,
  "packages": {
    "": {
      "name": "viperojects47",
      "version": "1.0.0",
      "license": "ISC",
      "devDependencies": {
        "@cloudflare/workers-types": "^4.20260313.1"
      }
    },
    "node_modules/@cloudflare/workers-types": {
      "version": "4.20260313.1",
      "resolved": "https://registry.npmjs.org/@cloudflare/workers-types/-/workers-types-4.20260313.1.tgz",
      "integrity": "sha512-jMEeX3RKfOSVqqXRKr/ulgglcTloeMzSH3FdzIfqJHtvc12/ELKd5Ldsg8ZHahKX/4eRxYdw3kbzb8jLXbq/jQ==",
      "dev": true,
      "license": "MIT OR Apache-2.0"
    }
  }
}
